
Microsoft Visual Studio Solution File, Format Version 12.00
# Visual Studio 14
VisualStudioVersion = 14.0.25420.1
MinimumVisualStudioVersion = 10.0.40219.1
Project("{2150E333-8FDC-42A3-9474-1A3956D46DE8}") = "src", "src", "{F0DC9168-6611-4534-ABE9-CDCB02D7E6D1}"
EndProject
Project("{2150E333-8FDC-42A3-9474-1A3956D46DE8}") = "Solution Items", "Solution Items", "{20978BD0-2350-4D83-9112-3FB29F703A21}"
	ProjectSection(SolutionItems) = preProject
		global.json = global.json
	EndProjectSection
EndProject
Project("{8BB2217D-0F2D-49D1-97BC-3654ED321F3B}") = "TESTCORE", "src\TESTCORE\TESTCORE.xproj", "{E622AD54-FAD9-4EA0-B434-544B76341B2C}"
EndProject
Global
	GlobalSection(SolutionConfigurationPlatforms) = preSolution
		Debug|Any CPU = Debug|Any CPU
		Release|Any CPU = Release|Any CPU
	EndGlobalSection
	GlobalSection(ProjectConfigurationPlatforms) = postSolution
		{E622AD54-FAD9-4EA0-B434-544B76341B2C}.Debug|Any CPU.ActiveCfg = Debug|Any CPU
		{E622AD54-FAD9-4EA0-B434-544B76341B2C}.Debug|Any CPU.Build.0 = Debug|Any CPU
		{E622AD54-FAD9-4EA0-B434-544B76341B2C}.Release|Any CPU.ActiveCfg = Release|Any CPU
		{E622AD54-FAD9-4EA0-B434-544B76341B2C}.Release|Any CPU.Build.0 = Release|Any CPU
	EndGlobalSection
	GlobalSection(SolutionProperties) = preSolution
		HideSolutionNode = FALSE
	EndGlobalSection
	GlobalSection(NestedProjects) = preSolution
		{E622AD54-FAD9-4EA0-B434-544B76341B2C} = {F0DC9168-6611-4534-ABE9-CDCB02D7E6D1}
	EndGlobalSection
EndGlobal
